
Microsoft Visual Studio Solution File, Format Version 12.00
# Visual Studio 15
VisualStudioVersion = 15.0.26124.0
MinimumVisualStudioVersion = 15.0.26124.0
Project("{FAE04EC0-301F-11D3-BF4B-00C04F79EFBC}") = "ReadABit.Web", "ReadABit.Web\ReadABit.Web.csproj", "{E3337FB8-FD60-4FE3-8ECD-85DA42F9F17B}"
EndProject
Project("{FAE04EC0-301F-11D3-BF4B-00C04F79EFBC}") = "ReadABit.Infrastructure", "ReadABit.Infrastructure\ReadABit.Infrastructure.csproj", "{3E206F5C-DDCB-4DAF-BCD4-8DA6646D778A}"
EndProject
Project("{FAE04EC0-301F-11D3-BF4B-00C04F79EFBC}") = "ReadABit.Web.Test", "ReadABit.Web.Test\ReadABit.Web.Test.csproj", "{62301133-2CAB-44C6-BC29-8A4CD1719B26}"
EndProject
Project("{FAE04EC0-301F-11D3-BF4B-00C04F79EFBC}") = "ReadABit.CliUtils", "ReadABit.CliUtils\ReadABit.CliUtils.csproj", "{A32B39D9-48A0-425C-BC41-5ED57F5976BB}"
EndProject
Global
	GlobalSection(SolutionConfigurationPlatforms) = preSolution
		Debug|Any CPU = Debug|Any CPU
		Debug|x64 = Debug|x64
		Debug|x86 = Debug|x86
		Release|Any CPU = Release|Any CPU
		Release|x64 = Release|x64
		Release|x86 = Release|x86
	EndGlobalSection
	GlobalSection(SolutionProperties) = preSolution
		HideSolutionNode = FALSE
	EndGlobalSection
	GlobalSection(ProjectConfigurationPlatforms) = postSolution
		{E3337FB8-FD60-4FE3-8ECD-85DA42F9F17B}.Debug|Any CPU.ActiveCfg = Debug|Any CPU
		{E3337FB8-FD60-4FE3-8ECD-85DA42F9F17B}.Debug|Any CPU.Build.0 = Debug|Any CPU
		{E3337FB8-FD60-4FE3-8ECD-85DA42F9F17B}.Debug|x64.ActiveCfg = Debug|Any CPU
		{E3337FB8-FD60-4FE3-8ECD-85DA42F9F17B}.Debug|x64.Build.0 = Debug|Any CPU
		{E3337FB8-FD60-4FE3-8ECD-85DA42F9F17B}.Debug|x86.ActiveCfg = Debug|Any CPU
		{E3337FB8-FD60-4FE3-8ECD-85DA42F9F17B}.Debug|x86.Build.0 = Debug|Any CPU
		{E3337FB8-FD60-4FE3-8ECD-85DA42F9F17B}.Release|Any CPU.ActiveCfg = Release|Any CPU
		{E3337FB8-FD60-4FE3-8ECD-85DA42F9F17B}.Release|Any CPU.Build.0 = Release|Any CPU
		{E3337FB8-FD60-4FE3-8ECD-85DA42F9F17B}.Release|x64.ActiveCfg = Release|Any CPU
		{E3337FB8-FD60-4FE3-8ECD-85DA42F9F17B}.Release|x64.Build.0 = Release|Any CPU
		{E3337FB8-FD60-4FE3-8ECD-85DA42F9F17B}.Release|x86.ActiveCfg = Release|Any CPU
		{E3337FB8-FD60-4FE3-8ECD-85DA42F9F17B}.Release|x86.Build.0 = Release|Any CPU
		{3E206F5C-DDCB-4DAF-BCD4-8DA6646D778A}.Debug|Any CPU.ActiveCfg = Debug|Any CPU
		{3E206F5C-DDCB-4DAF-BCD4-8DA6646D778A}.Debug|Any CPU.Build.0 = Debug|Any CPU
		{3E206F5C-DDCB-4DAF-BCD4-8DA6646D778A}.Debug|x64.ActiveCfg = Debug|Any CPU
		{3E206F5C-DDCB-4DAF-BCD4-8DA6646D778A}.Debug|x64.Build.0 = Debug|Any CPU
		{3E206F5C-DDCB-4DAF-BCD4-8DA6646D778A}.Debug|x86.ActiveCfg = Debug|Any CPU
		{3E206F5C-DDCB-4DAF-BCD4-8DA6646D778A}.Debug|x86.Build.0 = Debug|Any CPU
		{3E206F5C-DDCB-4DAF-BCD4-8DA6646D778A}.Release|Any CPU.ActiveCfg = Release|Any CPU
		{3E206F5C-DDCB-4DAF-BCD4-8DA6646D778A}.Release|Any CPU.Build.0 = Release|Any CPU
		{3E206F5C-DDCB-4DAF-BCD4-8DA6646D778A}.Release|x64.ActiveCfg = Release|Any CPU
		{3E206F5C-DDCB-4DAF-BCD4-8DA6646D778A}.Release|x64.Build.0 = Release|Any CPU
		{3E206F5C-DDCB-4DAF-BCD4-8DA6646D778A}.Release|x86.ActiveCfg = Release|Any CPU
		{3E206F5C-DDCB-4DAF-BCD4-8DA6646D778A}.Release|x86.Build.0 = Release|Any CPU
		{62301133-2CAB-44C6-BC29-8A4CD1719B26}.Debug|Any CPU.ActiveCfg = Debug|Any CPU
		{62301133-2CAB-44C6-BC29-8A4CD1719B26}.Debug|Any CPU.Build.0 = Debug|Any CPU
		{62301133-2CAB-44C6-BC29-8A4CD1719B26}.Debug|x64.ActiveCfg = Debug|Any CPU
		{62301133-2CAB-44C6-BC29-8A4CD1719B26}.Debug|x64.Build.0 = Debug|Any CPU
		{62301133-2CAB-44C6-BC29-8A4CD1719B26}.Debug|x86.ActiveCfg = Debug|Any CPU
		{62301133-2CAB-44C6-BC29-8A4CD1719B26}.Debug|x86.Build.0 = Debug|Any CPU
		{62301133-2CAB-44C6-BC29-8A4CD1719B26}.Release|Any CPU.ActiveCfg = Release|Any CPU
		{62301133-2CAB-44C6-BC29-8A4CD1719B26}.Release|Any CPU.Build.0 = Release|Any CPU
		{62301133-2CAB-44C6-BC29-8A4CD1719B26}.Release|x64.ActiveCfg = Release|Any CPU
		{62301133-2CAB-44C6-BC29-8A4CD1719B26}.Release|x64.Build.0 = Release|Any CPU
		{62301133-2CAB-44C6-BC29-8A4CD1719B26}.Release|x86.ActiveCfg = Release|Any CPU
		{62301133-2CAB-44C6-BC29-8A4CD1719B26}.Release|x86.Build.0 = Release|Any CPU
		{A32B39D9-48A0-425C-BC41-5ED57F5976BB}.Debug|Any CPU.ActiveCfg = Debug|Any CPU
		{A32B39D9-48A0-425C-BC41-5ED57F5976BB}.Debug|Any CPU.Build.0 = Debug|Any CPU
		{A32B39D9-48A0-425C-BC41-5ED57F5976BB}.Debug|x64.ActiveCfg = Debug|Any CPU
		{A32B39D9-48A0-425C-BC41-5ED57F5976BB}.Debug|x64.Build.0 = Debug|Any CPU
		{A32B39D9-48A0-425C-BC41-5ED57F5976BB}.Debug|x86.ActiveCfg = Debug|Any CPU
		{A32B39D9-48A0-425C-BC41-5ED57F5976BB}.Debug|x86.Build.0 = Debug|Any CPU
		{A32B39D9-48A0-425C-BC41-5ED57F5976BB}.Release|Any CPU.ActiveCfg = Release|Any CPU
		{A32B39D9-48A0-425C-BC41-5ED57F5976BB}.Release|Any CPU.Build.0 = Release|Any CPU
		{A32B39D9-48A0-425C-BC41-5ED57F5976BB}.Release|x64.ActiveCfg = Release|Any CPU
		{A32B39D9-48A0-425C-BC41-5ED57F5976BB}.Release|x64.Build.0 = Release|Any CPU
		{A32B39D9-48A0-425C-BC41-5ED57F5976BB}.Release|x86.ActiveCfg = Release|Any CPU
		{A32B39D9-48A0-425C-BC41-5ED57F5976BB}.Release|x86.Build.0 = Release|Any CPU
	EndGlobalSection
EndGlobal
